
Microsoft Visual Studio Solution File, Format Version 12.00
# Visual Studio Version 16
VisualStudioVersion = 16.0.31019.35
MinimumVisualStudioVersion = 10.0.40219.1
Project("{FAE04EC0-301F-11D3-BF4B-00C04F79EFBC}") = "MvcMovie", "MvcMovie\MvcMovie.csproj", "{64D27EE5-8A13-43DE-A1F4-3815F93D834D}"
EndProject
Global
	GlobalSection(SolutionConfigurationPlatforms) = preSolution
		Debug|Any CPU = Debug|Any CPU
		Release|Any CPU = Release|Any CPU
	EndGlobalSection
	GlobalSection(ProjectConfigurationPlatforms) = postSolution
		{64D27EE5-8A13-43DE-A1F4-3815F93D834D}.Debug|Any CPU.ActiveCfg = Debug|Any CPU
		{64D27EE5-8A13-43DE-A1F4-3815F93D834D}.Debug|Any CPU.Build.0 = Debug|Any CPU
		{64D27EE5-8A13-43DE-A1F4-3815F93D834D}.Release|Any CPU.ActiveCfg = Release|Any CPU
		{64D27EE5-8A13-43DE-A1F4-3815F93D834D}.Release|Any CPU.Build.0 = Release|Any CPU
	EndGlobalSection
	GlobalSection(SolutionProperties) = preSolution
		HideSolutionNode = FALSE
	EndGlobalSection
	GlobalSection(ExtensibilityGlobals) = postSolution
		SolutionGuid = {DF3D30A1-D35E-44E5-B4DF-93C61785AC6A}
	EndGlobalSection
EndGlobal
